// !$*UTF8*$!
{
	archiveVersion = 1;
	classes = {
	};
	objectVersion = 56;
	objects = {

/* Begin PBXBuildFile section */
		8242BD3229171AA900CB82FE /* CMUMeetsApp.swift in Sources */ = {isa = PBXBuildFile; fileRef = 8242BD3129171AA900CB82FE /* CMUMeetsApp.swift */; };
		8242BD3429171AA900CB82FE /* ContentView.swift in Sources */ = {isa = PBXBuildFile; fileRef = 8242BD3329171AA900CB82FE /* ContentView.swift */; };
		8242BD3629171AAF00CB82FE /* Assets.xcassets in Resources */ = {isa = PBXBuildFile; fileRef = 8242BD3529171AAF00CB82FE /* Assets.xcassets */; };
		8242BD3A29171AAF00CB82FE /* Preview Assets.xcassets in Resources */ = {isa = PBXBuildFile; fileRef = 8242BD3929171AAF00CB82FE /* Preview Assets.xcassets */; };
		8242BD4429171AAF00CB82FE /* CMUMeetsTests.swift in Sources */ = {isa = PBXBuildFile; fileRef = 8242BD4329171AAF00CB82FE /* CMUMeetsTests.swift */; };
		8242BD4E29171AAF00CB82FE /* CMUMeetsUITests.swift in Sources */ = {isa = PBXBuildFile; fileRef = 8242BD4D29171AAF00CB82FE /* CMUMeetsUITests.swift */; };
		8242BD5029171AAF00CB82FE /* CMUMeetsUITestsLaunchTests.swift in Sources */ = {isa = PBXBuildFile; fileRef = 8242BD4F29171AAF00CB82FE /* CMUMeetsUITestsLaunchTests.swift */; };
		8242BD6029171DBE00CB82FE /* HostView.swift in Sources */ = {isa = PBXBuildFile; fileRef = 8242BD5F29171DBE00CB82FE /* HostView.swift */; };
		82828C0629172BBD003A405C /* FirebaseAnalytics in Frameworks */ = {isa = PBXBuildFile; productRef = 82828C0529172BBD003A405C /* FirebaseAnalytics */; };
		82828C0829172BBD003A405C /* FirebaseFirestore in Frameworks */ = {isa = PBXBuildFile; productRef = 82828C0729172BBD003A405C /* FirebaseFirestore */; };
		82828C0A29172BBD003A405C /* FirebaseFirestoreCombine-Community in Frameworks */ = {isa = PBXBuildFile; productRef = 82828C0929172BBD003A405C /* FirebaseFirestoreCombine-Community */; };
		82828C0C29172BBD003A405C /* FirebaseFirestoreSwift in Frameworks */ = {isa = PBXBuildFile; productRef = 82828C0B29172BBD003A405C /* FirebaseFirestoreSwift */; };
		AB20B70A291AF3AC007C8FBD /* GoogleService-Info.plist in Resources */ = {isa = PBXBuildFile; fileRef = AB20B709291AF3AA007C8FBD /* GoogleService-Info.plist */; };
		AB20B70C291B65B9007C8FBD /* MapView.swift in Sources */ = {isa = PBXBuildFile; fileRef = AB20B70B291B65B9007C8FBD /* MapView.swift */; };
		AB20B70F291B6616007C8FBD /* ViewController.swift in Sources */ = {isa = PBXBuildFile; fileRef = AB20B70E291B6616007C8FBD /* ViewController.swift */; };
		AB20B711291B667B007C8FBD /* Location.swift in Sources */ = {isa = PBXBuildFile; fileRef = AB20B710291B667B007C8FBD /* Location.swift */; };
		AB20B71D291B8FE3007C8FBD /* MeetsRepository.swift in Sources */ = {isa = PBXBuildFile; fileRef = AB20B71C291B8FE3007C8FBD /* MeetsRepository.swift */; };
		AB20B71F291B9000007C8FBD /* Meet.swift in Sources */ = {isa = PBXBuildFile; fileRef = AB20B71E291B9000007C8FBD /* Meet.swift */; };
		AB20B721291B9029007C8FBD /* User.swift in Sources */ = {isa = PBXBuildFile; fileRef = AB20B720291B9029007C8FBD /* User.swift */; };
		AB20B726291B94CB007C8FBD /* UsersRepository.swift in Sources */ = {isa = PBXBuildFile; fileRef = AB20B725291B94CB007C8FBD /* UsersRepository.swift */; };
		AB20B728291B9640007C8FBD /* LocationsRepository.swift in Sources */ = {isa = PBXBuildFile; fileRef = AB20B727291B9640007C8FBD /* LocationsRepository.swift */; };
		AB20B72A291B964A007C8FBD /* LocationModel.swift in Sources */ = {isa = PBXBuildFile; fileRef = AB20B729291B964A007C8FBD /* LocationModel.swift */; };
		AB20B72D291B9A7B007C8FBD /* LocationViewModel.swift in Sources */ = {isa = PBXBuildFile; fileRef = AB20B72C291B9A7B007C8FBD /* LocationViewModel.swift */; };
		AB20B72F291B9B2F007C8FBD /* LocationView.swift in Sources */ = {isa = PBXBuildFile; fileRef = AB20B72E291B9B2F007C8FBD /* LocationView.swift */; };
		ABCDF815291CC039006AEE53 /* DummyView.swift in Sources */ = {isa = PBXBuildFile; fileRef = ABCDF814291CC039006AEE53 /* DummyView.swift */; };
/* End PBXBuildFile section */

/* Begin PBXContainerItemProxy section */
		8242BD4029171AAF00CB82FE /* PBXContainerItemProxy */ = {
			isa = PBXContainerItemProxy;
			containerPortal = 8242BD2629171AA900CB82FE /* Project object */;
			proxyType = 1;
			remoteGlobalIDString = 8242BD2D29171AA900CB82FE;
			remoteInfo = CMUMeets;
		};
		8242BD4A29171AAF00CB82FE /* PBXContainerItemProxy */ = {
			isa = PBXContainerItemProxy;
			containerPortal = 8242BD2629171AA900CB82FE /* Project object */;
			proxyType = 1;
			remoteGlobalIDString = 8242BD2D29171AA900CB82FE;
			remoteInfo = CMUMeets;
		};
/* End PBXContainerItemProxy section */

/* Begin PBXFileReference section */
		8242BD2E29171AA900CB82FE /* CMUMeets.app */ = {isa = PBXFileReference; explicitFileType = wrapper.application; includeInIndex = 0; path = CMUMeets.app; sourceTree = BUILT_PRODUCTS_DIR; };
		8242BD3129171AA900CB82FE /* CMUMeetsApp.swift */ = {isa = PBXFileReference; lastKnownFileType = sourcecode.swift; path = CMUMeetsApp.swift; sourceTree = "<group>"; };
		8242BD3329171AA900CB82FE /* ContentView.swift */ = {isa = PBXFileReference; lastKnownFileType = sourcecode.swift; path = ContentView.swift; sourceTree = "<group>"; };
		8242BD3529171AAF00CB82FE /* Assets.xcassets */ = {isa = PBXFileReference; lastKnownFileType = folder.assetcatalog; path = Assets.xcassets; sourceTree = "<group>"; };
		8242BD3729171AAF00CB82FE /* CMUMeets.entitlements */ = {isa = PBXFileReference; lastKnownFileType = text.plist.entitlements; path = CMUMeets.entitlements; sourceTree = "<group>"; };
		8242BD3929171AAF00CB82FE /* Preview Assets.xcassets */ = {isa = PBXFileReference; lastKnownFileType = folder.assetcatalog; path = "Preview Assets.xcassets"; sourceTree = "<group>"; };
		8242BD3F29171AAF00CB82FE /* CMUMeetsTests.xctest */ = {isa = PBXFileReference; explicitFileType = wrapper.cfbundle; includeInIndex = 0; path = CMUMeetsTests.xctest; sourceTree = BUILT_PRODUCTS_DIR; };
		8242BD4329171AAF00CB82FE /* CMUMeetsTests.swift */ = {isa = PBXFileReference; lastKnownFileType = sourcecode.swift; path = CMUMeetsTests.swift; sourceTree = "<group>"; };
		8242BD4929171AAF00CB82FE /* CMUMeetsUITests.xctest */ = {isa = PBXFileReference; explicitFileType = wrapper.cfbundle; includeInIndex = 0; path = CMUMeetsUITests.xctest; sourceTree = BUILT_PRODUCTS_DIR; };
		8242BD4D29171AAF00CB82FE /* CMUMeetsUITests.swift */ = {isa = PBXFileReference; lastKnownFileType = sourcecode.swift; path = CMUMeetsUITests.swift; sourceTree = "<group>"; };
		8242BD4F29171AAF00CB82FE /* CMUMeetsUITestsLaunchTests.swift */ = {isa = PBXFileReference; lastKnownFileType = sourcecode.swift; path = CMUMeetsUITestsLaunchTests.swift; sourceTree = "<group>"; };
		8242BD5F29171DBE00CB82FE /* HostView.swift */ = {isa = PBXFileReference; lastKnownFileType = sourcecode.swift; path = HostView.swift; sourceTree = "<group>"; };
		AB20B709291AF3AA007C8FBD /* GoogleService-Info.plist */ = {isa = PBXFileReference; fileEncoding = 4; lastKnownFileType = text.plist.xml; path = "GoogleService-Info.plist"; sourceTree = "<group>"; };
		AB20B70B291B65B9007C8FBD /* MapView.swift */ = {isa = PBXFileReference; lastKnownFileType = sourcecode.swift; path = MapView.swift; sourceTree = "<group>"; };
		AB20B70E291B6616007C8FBD /* ViewController.swift */ = {isa = PBXFileReference; lastKnownFileType = sourcecode.swift; path = ViewController.swift; sourceTree = "<group>"; };
		AB20B710291B667B007C8FBD /* Location.swift */ = {isa = PBXFileReference; lastKnownFileType = sourcecode.swift; path = Location.swift; sourceTree = "<group>"; };
		AB20B717291B6FE8007C8FBD /* Info.plist */ = {isa = PBXFileReference; lastKnownFileType = text.plist; path = Info.plist; sourceTree = "<group>"; };
		AB20B71C291B8FE3007C8FBD /* MeetsRepository.swift */ = {isa = PBXFileReference; lastKnownFileType = sourcecode.swift; path = MeetsRepository.swift; sourceTree = "<group>"; };
		AB20B71E291B9000007C8FBD /* Meet.swift */ = {isa = PBXFileReference; lastKnownFileType = sourcecode.swift; name = Meet.swift; path = CMUMeets/Repositories/Meet.swift; sourceTree = SOURCE_ROOT; };
		AB20B720291B9029007C8FBD /* User.swift */ = {isa = PBXFileReference; lastKnownFileType = sourcecode.swift; name = User.swift; path = CMUMeets/Repositories/User.swift; sourceTree = SOURCE_ROOT; };
		AB20B725291B94CB007C8FBD /* UsersRepository.swift */ = {isa = PBXFileReference; lastKnownFileType = sourcecode.swift; path = UsersRepository.swift; sourceTree = "<group>"; };
		AB20B727291B9640007C8FBD /* LocationsRepository.swift */ = {isa = PBXFileReference; lastKnownFileType = sourcecode.swift; path = LocationsRepository.swift; sourceTree = "<group>"; };
		AB20B729291B964A007C8FBD /* LocationModel.swift */ = {isa = PBXFileReference; lastKnownFileType = sourcecode.swift; name = LocationModel.swift; path = CMUMeets/Repositories/LocationModel.swift; sourceTree = SOURCE_ROOT; };
		AB20B72C291B9A7B007C8FBD /* LocationViewModel.swift */ = {isa = PBXFileReference; lastKnownFileType = sourcecode.swift; path = LocationViewModel.swift; sourceTree = "<group>"; };
		AB20B72E291B9B2F007C8FBD /* LocationView.swift */ = {isa = PBXFileReference; lastKnownFileType = sourcecode.swift; path = LocationView.swift; sourceTree = "<group>"; };
		ABCDF814291CC039006AEE53 /* DummyView.swift */ = {isa = PBXFileReference; lastKnownFileType = sourcecode.swift; path = DummyView.swift; sourceTree = "<group>"; };
/* End PBXFileReference section */

/* Begin PBXFrameworksBuildPhase section */
		8242BD2B29171AA900CB82FE /* Frameworks */ = {
			isa = PBXFrameworksBuildPhase;
			buildActionMask = 2147483647;
			files = (
				82828C0A29172BBD003A405C /* FirebaseFirestoreCombine-Community in Frameworks */,
				82828C0629172BBD003A405C /* FirebaseAnalytics in Frameworks */,
				82828C0829172BBD003A405C /* FirebaseFirestore in Frameworks */,
				82828C0C29172BBD003A405C /* FirebaseFirestoreSwift in Frameworks */,
			);
			runOnlyForDeploymentPostprocessing = 0;
		};
		8242BD3C29171AAF00CB82FE /* Frameworks */ = {
			isa = PBXFrameworksBuildPhase;
			buildActionMask = 2147483647;
			files = (
			);
			runOnlyForDeploymentPostprocessing = 0;
		};
		8242BD4629171AAF00CB82FE /* Frameworks */ = {
			isa = PBXFrameworksBuildPhase;
			buildActionMask = 2147483647;
			files = (
			);
			runOnlyForDeploymentPostprocessing = 0;
		};
/* End PBXFrameworksBuildPhase section */

/* Begin PBXGroup section */
		8242BD2529171AA900CB82FE = {
			isa = PBXGroup;
			children = (
				AB20B709291AF3AA007C8FBD /* GoogleService-Info.plist */,
				8242BD3029171AA900CB82FE /* CMUMeets */,
				8242BD4229171AAF00CB82FE /* CMUMeetsTests */,
				8242BD4C29171AAF00CB82FE /* CMUMeetsUITests */,
				8242BD2F29171AA900CB82FE /* Products */,
			);
			sourceTree = "<group>";
		};
		8242BD2F29171AA900CB82FE /* Products */ = {
			isa = PBXGroup;
			children = (
				8242BD2E29171AA900CB82FE /* CMUMeets.app */,
				8242BD3F29171AAF00CB82FE /* CMUMeetsTests.xctest */,
				8242BD4929171AAF00CB82FE /* CMUMeetsUITests.xctest */,
			);
			name = Products;
			sourceTree = "<group>";
		};
		8242BD3029171AA900CB82FE /* CMUMeets */ = {
			isa = PBXGroup;
			children = (
				AB20B72B291B9A63007C8FBD /* ViewModel */,
				AB20B71B291B8FD8007C8FBD /* Repositories */,
				AB20B717291B6FE8007C8FBD /* Info.plist */,
				AB20B70D291B65F4007C8FBD /* Controllers */,
				8242BD5D29171D3400CB82FE /* Views */,
				8242BD5C29171D2E00CB82FE /* Models */,
				8242BD3129171AA900CB82FE /* CMUMeetsApp.swift */,
				8242BD3529171AAF00CB82FE /* Assets.xcassets */,
				8242BD3729171AAF00CB82FE /* CMUMeets.entitlements */,
				8242BD3829171AAF00CB82FE /* Preview Content */,
				AB20B710291B667B007C8FBD /* Location.swift */,
			);
			path = CMUMeets;
			sourceTree = "<group>";
		};
		8242BD3829171AAF00CB82FE /* Preview Content */ = {
			isa = PBXGroup;
			children = (
				8242BD3929171AAF00CB82FE /* Preview Assets.xcassets */,
			);
			path = "Preview Content";
			sourceTree = "<group>";
		};
		8242BD4229171AAF00CB82FE /* CMUMeetsTests */ = {
			isa = PBXGroup;
			children = (
				8242BD4329171AAF00CB82FE /* CMUMeetsTests.swift */,
			);
			path = CMUMeetsTests;
			sourceTree = "<group>";
		};
		8242BD4C29171AAF00CB82FE /* CMUMeetsUITests */ = {
			isa = PBXGroup;
			children = (
				8242BD4D29171AAF00CB82FE /* CMUMeetsUITests.swift */,
				8242BD4F29171AAF00CB82FE /* CMUMeetsUITestsLaunchTests.swift */,
			);
			path = CMUMeetsUITests;
			sourceTree = "<group>";
		};
		8242BD5C29171D2E00CB82FE /* Models */ = {
			isa = PBXGroup;
			children = (
				AB20B71E291B9000007C8FBD /* Meet.swift */,
				AB20B720291B9029007C8FBD /* User.swift */,
				AB20B729291B964A007C8FBD /* LocationModel.swift */,
			);
			path = Models;
			sourceTree = "<group>";
		};
		8242BD5D29171D3400CB82FE /* Views */ = {
			isa = PBXGroup;
			children = (
				8242BD3329171AA900CB82FE /* ContentView.swift */,
				8242BD5F29171DBE00CB82FE /* HostView.swift */,
				AB20B70B291B65B9007C8FBD /* MapView.swift */,
				AB20B72E291B9B2F007C8FBD /* LocationView.swift */,
				ABCDF814291CC039006AEE53 /* DummyView.swift */,
			);
			path = Views;
			sourceTree = "<group>";
		};
		AB20B70D291B65F4007C8FBD /* Controllers */ = {
			isa = PBXGroup;
			children = (
				AB20B70E291B6616007C8FBD /* ViewController.swift */,
			);
			path = Controllers;
			sourceTree = "<group>";
		};
		AB20B71B291B8FD8007C8FBD /* Repositories */ = {
			isa = PBXGroup;
			children = (
				AB20B71C291B8FE3007C8FBD /* MeetsRepository.swift */,
				AB20B725291B94CB007C8FBD /* UsersRepository.swift */,
				AB20B727291B9640007C8FBD /* LocationsRepository.swift */,
			);
			path = Repositories;
			sourceTree = "<group>";
		};
		AB20B72B291B9A63007C8FBD /* ViewModel */ = {
			isa = PBXGroup;
			children = (
				AB20B72C291B9A7B007C8FBD /* LocationViewModel.swift */,
			);
			path = ViewModel;
			sourceTree = "<group>";
		};
/* End PBXGroup section */

/* Begin PBXNativeTarget section */
		8242BD2D29171AA900CB82FE /* CMUMeets */ = {
			isa = PBXNativeTarget;
			buildConfigurationList = 8242BD5329171AAF00CB82FE /* Build configuration list for PBXNativeTarget "CMUMeets" */;
			buildPhases = (
				8242BD2A29171AA900CB82FE /* Sources */,
				8242BD2B29171AA900CB82FE /* Frameworks */,
				8242BD2C29171AA900CB82FE /* Resources */,
			);
			buildRules = (
			);
			dependencies = (
			);
			name = CMUMeets;
			packageProductDependencies = (
				82828C0529172BBD003A405C /* FirebaseAnalytics */,
				82828C0729172BBD003A405C /* FirebaseFirestore */,
				82828C0929172BBD003A405C /* FirebaseFirestoreCombine-Community */,
				82828C0B29172BBD003A405C /* FirebaseFirestoreSwift */,
			);
			productName = CMUMeets;
			productReference = 8242BD2E29171AA900CB82FE /* CMUMeets.app */;
			productType = "com.apple.product-type.application";
		};
		8242BD3E29171AAF00CB82FE /* CMUMeetsTests */ = {
			isa = PBXNativeTarget;
			buildConfigurationList = 8242BD5629171AAF00CB82FE /* Build configuration list for PBXNativeTarget "CMUMeetsTests" */;
			buildPhases = (
				8242BD3B29171AAF00CB82FE /* Sources */,
				8242BD3C29171AAF00CB82FE /* Frameworks */,
				8242BD3D29171AAF00CB82FE /* Resources */,
			);
			buildRules = (
			);
			dependencies = (
				8242BD4129171AAF00CB82FE /* PBXTargetDependency */,
			);
			name = CMUMeetsTests;
			productName = CMUMeetsTests;
			productReference = 8242BD3F29171AAF00CB82FE /* CMUMeetsTests.xctest */;
			productType = "com.apple.product-type.bundle.unit-test";
		};
		8242BD4829171AAF00CB82FE /* CMUMeetsUITests */ = {
			isa = PBXNativeTarget;
			buildConfigurationList = 8242BD5929171AAF00CB82FE /* Build configuration list for PBXNativeTarget "CMUMeetsUITests" */;
			buildPhases = (
				8242BD4529171AAF00CB82FE /* Sources */,
				8242BD4629171AAF00CB82FE /* Frameworks */,
				8242BD4729171AAF00CB82FE /* Resources */,
			);
			buildRules = (
			);
			dependencies = (
				8242BD4B29171AAF00CB82FE /* PBXTargetDependency */,
			);
			name = CMUMeetsUITests;
			productName = CMUMeetsUITests;
			productReference = 8242BD4929171AAF00CB82FE /* CMUMeetsUITests.xctest */;
			productType = "com.apple.product-type.bundle.ui-testing";
		};
/* End PBXNativeTarget section */

/* Begin PBXProject section */
		8242BD2629171AA900CB82FE /* Project object */ = {
			isa = PBXProject;
			attributes = {
				BuildIndependentTargetsInParallel = 1;
				LastSwiftUpdateCheck = 1400;
				LastUpgradeCheck = 1400;
				TargetAttributes = {
					8242BD2D29171AA900CB82FE = {
						CreatedOnToolsVersion = 14.0.1;
					};
					8242BD3E29171AAF00CB82FE = {
						CreatedOnToolsVersion = 14.0.1;
						TestTargetID = 8242BD2D29171AA900CB82FE;
					};
					8242BD4829171AAF00CB82FE = {
						CreatedOnToolsVersion = 14.0.1;
						TestTargetID = 8242BD2D29171AA900CB82FE;
					};
				};
			};
			buildConfigurationList = 8242BD2929171AA900CB82FE /* Build configuration list for PBXProject "CMUMeets" */;
			compatibilityVersion = "Xcode 14.0";
			developmentRegion = en;
			hasScannedForEncodings = 0;
			knownRegions = (
				en,
				Base,
			);
			mainGroup = 8242BD2529171AA900CB82FE;
			packageReferences = (
				82828C0429172BBD003A405C /* XCRemoteSwiftPackageReference "firebase-ios-sdk" */,
			);
			productRefGroup = 8242BD2F29171AA900CB82FE /* Products */;
			projectDirPath = "";
			projectRoot = "";
			targets = (
				8242BD2D29171AA900CB82FE /* CMUMeets */,
				8242BD3E29171AAF00CB82FE /* CMUMeetsTests */,
				8242BD4829171AAF00CB82FE /* CMUMeetsUITests */,
			);
		};
/* End PBXProject section */

/* Begin PBXResourcesBuildPhase section */
		8242BD2C29171AA900CB82FE /* Resources */ = {
			isa = PBXResourcesBuildPhase;
			buildActionMask = 2147483647;
			files = (
				8242BD3A29171AAF00CB82FE /* Preview Assets.xcassets in Resources */,
				AB20B70A291AF3AC007C8FBD /* GoogleService-Info.plist in Resources */,
				8242BD3629171AAF00CB82FE /* Assets.xcassets in Resources */,
			);
			runOnlyForDeploymentPostprocessing = 0;
		};
		8242BD3D29171AAF00CB82FE /* Resources */ = {
			isa = PBXResourcesBuildPhase;
			buildActionMask = 2147483647;
			files = (
			);
			runOnlyForDeploymentPostprocessing = 0;
		};
		8242BD4729171AAF00CB82FE /* Resources */ = {
			isa = PBXResourcesBuildPhase;
			buildActionMask = 2147483647;
			files = (
			);
			runOnlyForDeploymentPostprocessing = 0;
		};
/* End PBXResourcesBuildPhase section */

/* Begin PBXSourcesBuildPhase section */
		8242BD2A29171AA900CB82FE /* Sources */ = {
			isa = PBXSourcesBuildPhase;
			buildActionMask = 2147483647;
			files = (
				AB20B71F291B9000007C8FBD /* Meet.swift in Sources */,
				AB20B70F291B6616007C8FBD /* ViewController.swift in Sources */,
				8242BD3429171AA900CB82FE /* ContentView.swift in Sources */,
				AB20B70C291B65B9007C8FBD /* MapView.swift in Sources */,
				8242BD6029171DBE00CB82FE /* HostView.swift in Sources */,
				AB20B721291B9029007C8FBD /* User.swift in Sources */,
				AB20B728291B9640007C8FBD /* LocationsRepository.swift in Sources */,
				AB20B711291B667B007C8FBD /* Location.swift in Sources */,
				AB20B71D291B8FE3007C8FBD /* MeetsRepository.swift in Sources */,
				AB20B72D291B9A7B007C8FBD /* LocationViewModel.swift in Sources */,
				ABCDF815291CC039006AEE53 /* DummyView.swift in Sources */,
				AB20B726291B94CB007C8FBD /* UsersRepository.swift in Sources */,
				AB20B72F291B9B2F007C8FBD /* LocationView.swift in Sources */,
				AB20B72A291B964A007C8FBD /* LocationModel.swift in Sources */,
				8242BD3229171AA900CB82FE /* CMUMeetsApp.swift in Sources */,
			);
			runOnlyForDeploymentPostprocessing = 0;
		};
		8242BD3B29171AAF00CB82FE /* Sources */ = {
			isa = PBXSourcesBuildPhase;
			buildActionMask = 2147483647;
			files = (
				8242BD4429171AAF00CB82FE /* CMUMeetsTests.swift in Sources */,
			);
			runOnlyForDeploymentPostprocessing = 0;
		};
		8242BD4529171AAF00CB82FE /* Sources */ = {
			isa = PBXSourcesBuildPhase;
			buildActionMask = 2147483647;
			files = (
				8242BD5029171AAF00CB82FE /* CMUMeetsUITestsLaunchTests.swift in Sources */,
				8242BD4E29171AAF00CB82FE /* CMUMeetsUITests.swift in Sources */,
			);
			runOnlyForDeploymentPostprocessing = 0;
		};
/* End PBXSourcesBuildPhase section */

/* Begin PBXTargetDependency section */
		8242BD4129171AAF00CB82FE /* PBXTargetDependency */ = {
			isa = PBXTargetDependency;
			target = 8242BD2D29171AA900CB82FE /* CMUMeets */;
			targetProxy = 8242BD4029171AAF00CB82FE /* PBXContainerItemProxy */;
		};
		8242BD4B29171AAF00CB82FE /* PBXTargetDependency */ = {
			isa = PBXTargetDependency;
			target = 8242BD2D29171AA900CB82FE /* CMUMeets */;
			targetProxy = 8242BD4A29171AAF00CB82FE /* PBXContainerItemProxy */;
		};
/* End PBXTargetDependency section */

/* Begin XCBuildConfiguration section */
		8242BD5129171AAF00CB82FE /* Debug */ = {
			isa = XCBuildConfiguration;
			buildSettings = {
				ALWAYS_SEARCH_USER_PATHS = NO;
				CLANG_ANALYZER_NONNULL = YES;
				CLANG_ANALYZER_NUMBER_OBJECT_CONVERSION = YES_AGGRESSIVE;
				CLANG_CXX_LANGUAGE_STANDARD = "gnu++20";
				CLANG_ENABLE_MODULES = YES;
				CLANG_ENABLE_OBJC_ARC = YES;
				CLANG_ENABLE_OBJC_WEAK = YES;
				CLANG_WARN_BLOCK_CAPTURE_AUTORELEASING = YES;
				CLANG_WARN_BOOL_CONVERSION = YES;
				CLANG_WARN_COMMA = YES;
				CLANG_WARN_CONSTANT_CONVERSION = YES;
				CLANG_WARN_DEPRECATED_OBJC_IMPLEMENTATIONS = YES;
				CLANG_WARN_DIRECT_OBJC_ISA_USAGE = YES_ERROR;
				CLANG_WARN_DOCUMENTATION_COMMENTS = YES;
				CLANG_WARN_EMPTY_BODY = YES;
				CLANG_WARN_ENUM_CONVERSION = YES;
				CLANG_WARN_INFINITE_RECURSION = YES;
				CLANG_WARN_INT_CONVERSION = YES;
				CLANG_WARN_NON_LITERAL_NULL_CONVERSION = YES;
				CLANG_WARN_OBJC_IMPLICIT_RETAIN_SELF = YES;
				CLANG_WARN_OBJC_LITERAL_CONVERSION = YES;
				CLANG_WARN_OBJC_ROOT_CLASS = YES_ERROR;
				CLANG_WARN_QUOTED_INCLUDE_IN_FRAMEWORK_HEADER = YES;
				CLANG_WARN_RANGE_LOOP_ANALYSIS = YES;
				CLANG_WARN_STRICT_PROTOTYPES = YES;
				CLANG_WARN_SUSPICIOUS_MOVE = YES;
				CLANG_WARN_UNGUARDED_AVAILABILITY = YES_AGGRESSIVE;
				CLANG_WARN_UNREACHABLE_CODE = YES;
				CLANG_WARN__DUPLICATE_METHOD_MATCH = YES;
				COPY_PHASE_STRIP = NO;
				DEBUG_INFORMATION_FORMAT = dwarf;
				ENABLE_STRICT_OBJC_MSGSEND = YES;
				ENABLE_TESTABILITY = YES;
				GCC_C_LANGUAGE_STANDARD = gnu11;
				GCC_DYNAMIC_NO_PIC = NO;
				GCC_NO_COMMON_BLOCKS = YES;
				GCC_OPTIMIZATION_LEVEL = 0;
				GCC_PREPROCESSOR_DEFINITIONS = (
					"DEBUG=1",
					"$(inherited)",
				);
				GCC_WARN_64_TO_32_BIT_CONVERSION = YES;
				GCC_WARN_ABOUT_RETURN_TYPE = YES_ERROR;
				GCC_WARN_UNDECLARED_SELECTOR = YES;
				GCC_WARN_UNINITIALIZED_AUTOS = YES_AGGRESSIVE;
				GCC_WARN_UNUSED_FUNCTION = YES;
				GCC_WARN_UNUSED_VARIABLE = YES;
				MTL_ENABLE_DEBUG_INFO = INCLUDE_SOURCE;
				MTL_FAST_MATH = YES;
				ONLY_ACTIVE_ARCH = YES;
				SWIFT_ACTIVE_COMPILATION_CONDITIONS = DEBUG;
				SWIFT_OPTIMIZATION_LEVEL = "-Onone";
			};
			name = Debug;
		};
		8242BD5229171AAF00CB82FE /* Release */ = {
			isa = XCBuildConfiguration;
			buildSettings = {
				ALWAYS_SEARCH_USER_PATHS = NO;
				CLANG_ANALYZER_NONNULL = YES;
				CLANG_ANALYZER_NUMBER_OBJECT_CONVERSION = YES_AGGRESSIVE;
				CLANG_CXX_LANGUAGE_STANDARD = "gnu++20";
				CLANG_ENABLE_MODULES = YES;
				CLANG_ENABLE_OBJC_ARC = YES;
				CLANG_ENABLE_OBJC_WEAK = YES;
				CLANG_WARN_BLOCK_CAPTURE_AUTORELEASING = YES;
				CLANG_WARN_BOOL_CONVERSION = YES;
				CLANG_WARN_COMMA = YES;
				CLANG_WARN_CONSTANT_CONVERSION = YES;
				CLANG_WARN_DEPRECATED_OBJC_IMPLEMENTATIONS = YES;
				CLANG_WARN_DIRECT_OBJC_ISA_USAGE = YES_ERROR;
				CLANG_WARN_DOCUMENTATION_COMMENTS = YES;
				CLANG_WARN_EMPTY_BODY = YES;
				CLANG_WARN_ENUM_CONVERSION = YES;
				CLANG_WARN_INFINITE_RECURSION = YES;
				CLANG_WARN_INT_CONVERSION = YES;
				CLANG_WARN_NON_LITERAL_NULL_CONVERSION = YES;
				CLANG_WARN_OBJC_IMPLICIT_RETAIN_SELF = YES;
				CLANG_WARN_OBJC_LITERAL_CONVERSION = YES;
				CLANG_WARN_OBJC_ROOT_CLASS = YES_ERROR;
				CLANG_WARN_QUOTED_INCLUDE_IN_FRAMEWORK_HEADER = YES;
				CLANG_WARN_RANGE_LOOP_ANALYSIS = YES;
				CLANG_WARN_STRICT_PROTOTYPES = YES;
				CLANG_WARN_SUSPICIOUS_MOVE = YES;
				CLANG_WARN_UNGUARDED_AVAILABILITY = YES_AGGRESSIVE;
				CLANG_WARN_UNREACHABLE_CODE = YES;
				CLANG_WARN__DUPLICATE_METHOD_MATCH = YES;
				COPY_PHASE_STRIP = NO;
				DEBUG_INFORMATION_FORMAT = "dwarf-with-dsym";
				ENABLE_NS_ASSERTIONS = NO;
				ENABLE_STRICT_OBJC_MSGSEND = YES;
				GCC_C_LANGUAGE_STANDARD = gnu11;
				GCC_NO_COMMON_BLOCKS = YES;
				GCC_WARN_64_TO_32_BIT_CONVERSION = YES;
				GCC_WARN_ABOUT_RETURN_TYPE = YES_ERROR;
				GCC_WARN_UNDECLARED_SELECTOR = YES;
				GCC_WARN_UNINITIALIZED_AUTOS = YES_AGGRESSIVE;
				GCC_WARN_UNUSED_FUNCTION = YES;
				GCC_WARN_UNUSED_VARIABLE = YES;
				MTL_ENABLE_DEBUG_INFO = NO;
				MTL_FAST_MATH = YES;
				SWIFT_COMPILATION_MODE = wholemodule;
				SWIFT_OPTIMIZATION_LEVEL = "-O";
			};
			name = Release;
		};
		8242BD5429171AAF00CB82FE /* Debug */ = {
			isa = XCBuildConfiguration;
			buildSettings = {
				ASSETCATALOG_COMPILER_APPICON_NAME = AppIcon;
				ASSETCATALOG_COMPILER_GLOBAL_ACCENT_COLOR_NAME = AccentColor;
				CODE_SIGN_ENTITLEMENTS = CMUMeets/CMUMeets.entitlements;
				CODE_SIGN_STYLE = Automatic;
				CURRENT_PROJECT_VERSION = 1;
				DEVELOPMENT_ASSET_PATHS = "\"CMUMeets/Preview Content\"";
				ENABLE_PREVIEWS = YES;
				GENERATE_INFOPLIST_FILE = YES;
				INFOPLIST_FILE = CMUMeets/Info.plist;
				"INFOPLIST_KEY_UIApplicationSceneManifest_Generation[sdk=iphoneos*]" = YES;
				"INFOPLIST_KEY_UIApplicationSceneManifest_Generation[sdk=iphonesimulator*]" = YES;
				"INFOPLIST_KEY_UIApplicationSupportsIndirectInputEvents[sdk=iphoneos*]" = YES;
				"INFOPLIST_KEY_UIApplicationSupportsIndirectInputEvents[sdk=iphonesimulator*]" = YES;
				"INFOPLIST_KEY_UILaunchScreen_Generation[sdk=iphoneos*]" = YES;
				"INFOPLIST_KEY_UILaunchScreen_Generation[sdk=iphonesimulator*]" = YES;
				"INFOPLIST_KEY_UIStatusBarStyle[sdk=iphoneos*]" = UIStatusBarStyleDefault;
				"INFOPLIST_KEY_UIStatusBarStyle[sdk=iphonesimulator*]" = UIStatusBarStyleDefault;
				INFOPLIST_KEY_UISupportedInterfaceOrientations_iPad = "UIInterfaceOrientationPortrait UIInterfaceOrientationPortraitUpsideDown UIInterfaceOrientationLandscapeLeft UIInterfaceOrientationLandscapeRight";
				IPHONEOS_DEPLOYMENT_TARGET = 16.0;
				LD_RUNPATH_SEARCH_PATHS = "@executable_path/Frameworks";
				"LD_RUNPATH_SEARCH_PATHS[sdk=macosx*]" = "@executable_path/../Frameworks";
				MACOSX_DEPLOYMENT_TARGET = 12.3;
				MARKETING_VERSION = 1.0;
				PRODUCT_BUNDLE_IDENTIFIER = com.paddepal.CMUMeets;
				PRODUCT_NAME = "$(TARGET_NAME)";
				SDKROOT = auto;
				SUPPORTED_PLATFORMS = "iphoneos iphonesimulator macosx";
				SWIFT_EMIT_LOC_STRINGS = YES;
				SWIFT_VERSION = 5.0;
				TARGETED_DEVICE_FAMILY = "1,2";
			};
			name = Debug;
		};
		8242BD5529171AAF00CB82FE /* Release */ = {
			isa = XCBuildConfiguration;
			buildSettings = {
				ASSETCATALOG_COMPILER_APPICON_NAME = AppIcon;
				ASSETCATALOG_COMPILER_GLOBAL_ACCENT_COLOR_NAME = AccentColor;
				CODE_SIGN_ENTITLEMENTS = CMUMeets/CMUMeets.entitlements;
				CODE_SIGN_STYLE = Automatic;
				CURRENT_PROJECT_VERSION = 1;
				DEVELOPMENT_ASSET_PATHS = "\"CMUMeets/Preview Content\"";
				ENABLE_PREVIEWS = YES;
				GENERATE_INFOPLIST_FILE = YES;
				INFOPLIST_FILE = CMUMeets/Info.plist;
				"INFOPLIST_KEY_UIApplicationSceneManifest_Generation[sdk=iphoneos*]" = YES;
				"INFOPLIST_KEY_UIApplicationSceneManifest_Generation[sdk=iphonesimulator*]" = YES;
				"INFOPLIST_KEY_UIApplicationSupportsIndirectInputEvents[sdk=iphoneos*]" = YES;
				"INFOPLIST_KEY_UIApplicationSupportsIndirectInputEvents[sdk=iphonesimulator*]" = YES;
				"INFOPLIST_KEY_UILaunchScreen_Generation[sdk=iphoneos*]" = YES;
				"INFOPLIST_KEY_UILaunchScreen_Generation[sdk=iphonesimulator*]" = YES;
				"INFOPLIST_KEY_UIStatusBarStyle[sdk=iphoneos*]" = UIStatusBarStyleDefault;
				"INFOPLIST_KEY_UIStatusBarStyle[sdk=iphonesimulator*]" = UIStatusBarStyleDefault;
				INFOPLIST_KEY_UISupportedInterfaceOrientations_iPad = "UIInterfaceOrientationPortrait UIInterfaceOrientationPortraitUpsideDown UIInterfaceOrientationLandscapeLeft UIInterfaceOrientationLandscapeRight";
				IPHONEOS_DEPLOYMENT_TARGET = 16.0;
				LD_RUNPATH_SEARCH_PATHS = "@executable_path/Frameworks";
				"LD_RUNPATH_SEARCH_PATHS[sdk=macosx*]" = "@executable_path/../Frameworks";
				MACOSX_DEPLOYMENT_TARGET = 12.3;
				MARKETING_VERSION = 1.0;
				PRODUCT_BUNDLE_IDENTIFIER = com.paddepal.CMUMeets;
				PRODUCT_NAME = "$(TARGET_NAME)";
				SDKROOT = auto;
				SUPPORTED_PLATFORMS = "iphoneos iphonesimulator macosx";
				SWIFT_EMIT_LOC_STRINGS = YES;
				SWIFT_VERSION = 5.0;
				TARGETED_DEVICE_FAMILY = "1,2";
			};
			name = Release;
		};
		8242BD5729171AAF00CB82FE /* Debug */ = {
			isa = XCBuildConfiguration;
			buildSettings = {
				ALWAYS_EMBED_SWIFT_STANDARD_LIBRARIES = YES;
				BUNDLE_LOADER = "$(TEST_HOST)";
				CODE_SIGN_STYLE = Automatic;
				CURRENT_PROJECT_VERSION = 1;
				GENERATE_INFOPLIST_FILE = YES;
				IPHONEOS_DEPLOYMENT_TARGET = 16.0;
				MACOSX_DEPLOYMENT_TARGET = 12.3;
				MARKETING_VERSION = 1.0;
				PRODUCT_BUNDLE_IDENTIFIER = com.paddepal.CMUMeetsTests;
				PRODUCT_NAME = "$(TARGET_NAME)";
				SDKROOT = auto;
				SUPPORTED_PLATFORMS = "iphoneos iphonesimulator macosx";
				SWIFT_EMIT_LOC_STRINGS = NO;
				SWIFT_VERSION = 5.0;
				TARGETED_DEVICE_FAMILY = "1,2";
				TEST_HOST = "$(BUILT_PRODUCTS_DIR)/CMUMeets.app/$(BUNDLE_EXECUTABLE_FOLDER_PATH)/CMUMeets";
			};
			name = Debug;
		};
		8242BD5829171AAF00CB82FE /* Release */ = {
			isa = XCBuildConfiguration;
			buildSettings = {
				ALWAYS_EMBED_SWIFT_STANDARD_LIBRARIES = YES;
				BUNDLE_LOADER = "$(TEST_HOST)";
				CODE_SIGN_STYLE = Automatic;
				CURRENT_PROJECT_VERSION = 1;
				GENERATE_INFOPLIST_FILE = YES;
				IPHONEOS_DEPLOYMENT_TARGET = 16.0;
				MACOSX_DEPLOYMENT_TARGET = 12.3;
				MARKETING_VERSION = 1.0;
				PRODUCT_BUNDLE_IDENTIFIER = com.paddepal.CMUMeetsTests;
				PRODUCT_NAME = "$(TARGET_NAME)";
				SDKROOT = auto;
				SUPPORTED_PLATFORMS = "iphoneos iphonesimulator macosx";
				SWIFT_EMIT_LOC_STRINGS = NO;
				SWIFT_VERSION = 5.0;
				TARGETED_DEVICE_FAMILY = "1,2";
				TEST_HOST = "$(BUILT_PRODUCTS_DIR)/CMUMeets.app/$(BUNDLE_EXECUTABLE_FOLDER_PATH)/CMUMeets";
			};
			name = Release;
		};
		8242BD5A29171AAF00CB82FE /* Debug */ = {
			isa = XCBuildConfiguration;
			buildSettings = {
				ALWAYS_EMBED_SWIFT_STANDARD_LIBRARIES = YES;
				CODE_SIGN_STYLE = Automatic;
				CURRENT_PROJECT_VERSION = 1;
				GENERATE_INFOPLIST_FILE = YES;
				IPHONEOS_DEPLOYMENT_TARGET = 16.0;
				MACOSX_DEPLOYMENT_TARGET = 12.3;
				MARKETING_VERSION = 1.0;
				PRODUCT_BUNDLE_IDENTIFIER = com.paddepal.CMUMeetsUITests;
				PRODUCT_NAME = "$(TARGET_NAME)";
				SDKROOT = auto;
				SUPPORTED_PLATFORMS = "iphoneos iphonesimulator macosx";
				SWIFT_EMIT_LOC_STRINGS = NO;
				SWIFT_VERSION = 5.0;
				TARGETED_DEVICE_FAMILY = "1,2";
				TEST_TARGET_NAME = CMUMeets;
			};
			name = Debug;
		};
		8242BD5B29171AAF00CB82FE /* Release */ = {
			isa = XCBuildConfiguration;
			buildSettings = {
				ALWAYS_EMBED_SWIFT_STANDARD_LIBRARIES = YES;
				CODE_SIGN_STYLE = Automatic;
				CURRENT_PROJECT_VERSION = 1;
				GENERATE_INFOPLIST_FILE = YES;
				IPHONEOS_DEPLOYMENT_TARGET = 16.0;
				MACOSX_DEPLOYMENT_TARGET = 12.3;
				MARKETING_VERSION = 1.0;
				PRODUCT_BUNDLE_IDENTIFIER = com.paddepal.CMUMeetsUITests;
				PRODUCT_NAME = "$(TARGET_NAME)";
				SDKROOT = auto;
				SUPPORTED_PLATFORMS = "iphoneos iphonesimulator macosx";
				SWIFT_EMIT_LOC_STRINGS = NO;
				SWIFT_VERSION = 5.0;
				TARGETED_DEVICE_FAMILY = "1,2";
				TEST_TARGET_NAME = CMUMeets;
			};
			name = Release;
		};
/* End XCBuildConfiguration section */

/* Begin XCConfigurationList section */
		8242BD2929171AA900CB82FE /* Build configuration list for PBXProject "CMUMeets" */ = {
			isa = XCConfigurationList;
			buildConfigurations = (
				8242BD5129171AAF00CB82FE /* Debug */,
				8242BD5229171AAF00CB82FE /* Release */,
			);
			defaultConfigurationIsVisible = 0;
			defaultConfigurationName = Release;
		};
		8242BD5329171AAF00CB82FE /* Build configuration list for PBXNativeTarget "CMUMeets" */ = {
			isa = XCConfigurationList;
			buildConfigurations = (
				8242BD5429171AAF00CB82FE /* Debug */,
				8242BD5529171AAF00CB82FE /* Release */,
			);
			defaultConfigurationIsVisible = 0;
			defaultConfigurationName = Release;
		};
		8242BD5629171AAF00CB82FE /* Build configuration list for PBXNativeTarget "CMUMeetsTests" */ = {
			isa = XCConfigurationList;
			buildConfigurations = (
				8242BD5729171AAF00CB82FE /* Debug */,
				8242BD5829171AAF00CB82FE /* Release */,
			);
			defaultConfigurationIsVisible = 0;
			defaultConfigurationName = Release;
		};
		8242BD5929171AAF00CB82FE /* Build configuration list for PBXNativeTarget "CMUMeetsUITests" */ = {
			isa = XCConfigurationList;
			buildConfigurations = (
				8242BD5A29171AAF00CB82FE /* Debug */,
				8242BD5B29171AAF00CB82FE /* Release */,
			);
			defaultConfigurationIsVisible = 0;
			defaultConfigurationName = Release;
		};
/* End XCConfigurationList section */

/* Begin XCRemoteSwiftPackageReference section */
		82828C0429172BBD003A405C /* XCRemoteSwiftPackageReference "firebase-ios-sdk" */ = {
			isa = XCRemoteSwiftPackageReference;
			repositoryURL = "https://github.com/firebase/firebase-ios-sdk";
			requirement = {
				kind = upToNextMajorVersion;
				minimumVersion = 9.0.0;
			};
		};
/* End XCRemoteSwiftPackageReference section */

/* Begin XCSwiftPackageProductDependency section */
		82828C0529172BBD003A405C /* FirebaseAnalytics */ = {
			isa = XCSwiftPackageProductDependency;
			package = 82828C0429172BBD003A405C /* XCRemoteSwiftPackageReference "firebase-ios-sdk" */;
			productName = FirebaseAnalytics;
		};
		82828C0729172BBD003A405C /* FirebaseFirestore */ = {
			isa = XCSwiftPackageProductDependency;
			package = 82828C0429172BBD003A405C /* XCRemoteSwiftPackageReference "firebase-ios-sdk" */;
			productName = FirebaseFirestore;
		};
		82828C0929172BBD003A405C /* FirebaseFirestoreCombine-Community */ = {
			isa = XCSwiftPackageProductDependency;
			package = 82828C0429172BBD003A405C /* XCRemoteSwiftPackageReference "firebase-ios-sdk" */;
			productName = "FirebaseFirestoreCombine-Community";
		};
		82828C0B29172BBD003A405C /* FirebaseFirestoreSwift */ = {
			isa = XCSwiftPackageProductDependency;
			package = 82828C0429172BBD003A405C /* XCRemoteSwiftPackageReference "firebase-ios-sdk" */;
			productName = FirebaseFirestoreSwift;
		};
/* End XCSwiftPackageProductDependency section */
	};
	rootObject = 8242BD2629171AA900CB82FE /* Project object */;
}
